github.com/rickb777/date v1.20.5 h1:Ybjz7J7ga9ui4VJizQpil0l330r6wkn6CicaoattIxQ=
github.com/rickb777/date v1.20.5/go.mod h1:6BPrm3/aQI0I8jvlD1fAlm/86k5eSeTQ2mR5FEmTnSw=
github.com/rickb777/plural v1.4.1 h1:5MMLcbIaapLFmvDGRT5iPk8877hpTPt8Y9cdSKRw9sU=
github.com/rickb777/plural v1.4.1/go.mod h1:kdmXUpmKBJTS0FtG/TFumd//VBWsNTD7zOw7x4umxNw=
